// !$*UTF8*$!
{
	archiveVersion = 1;
	classes = {
	};
	objectVersion = 56;
	objects = {

/* Begin PBXBuildFile section */
		303A85422AE6A9E200412588 /* mUpdaterApp.swift in Sources */ = {isa = PBXBuildFile; fileRef = 303A85412AE6A9E200412588 /* mUpdaterApp.swift */; };
		303A85442AE6A9E200412588 /* ContentView.swift in Sources */ = {isa = PBXBuildFile; fileRef = 303A85432AE6A9E200412588 /* ContentView.swift */; };
		303A85462AE6A9E300412588 /* Assets.xcassets in Resources */ = {isa = PBXBuildFile; fileRef = 303A85452AE6A9E300412588 /* Assets.xcassets */; };
		303A85492AE6A9E300412588 /* Preview Assets.xcassets in Resources */ = {isa = PBXBuildFile; fileRef = 303A85482AE6A9E300412588 /* Preview Assets.xcassets */; };
		303A85542AE6A9E300412588 /* mUpdaterTests.swift in Sources */ = {isa = PBXBuildFile; fileRef = 303A85532AE6A9E300412588 /* mUpdaterTests.swift */; };
		303A855E2AE6A9E300412588 /* mUpdaterUITests.swift in Sources */ = {isa = PBXBuildFile; fileRef = 303A855D2AE6A9E300412588 /* mUpdaterUITests.swift */; };
		303A85602AE6A9E300412588 /* mUpdaterUITestsLaunchTests.swift in Sources */ = {isa = PBXBuildFile; fileRef = 303A855F2AE6A9E300412588 /* mUpdaterUITestsLaunchTests.swift */; };
		303A856D2AE6AA5700412588 /* BlurredView.swift in Sources */ = {isa = PBXBuildFile; fileRef = 303A856C2AE6AA5700412588 /* BlurredView.swift */; };
		305050792AEB3996009FD112 /* UpdaterViewModel.swift in Sources */ = {isa = PBXBuildFile; fileRef = 305050782AEB3996009FD112 /* UpdaterViewModel.swift */; };
		305BD49A2AE9CD4D00C79F8A /* UpdateScripts.swift in Sources */ = {isa = PBXBuildFile; fileRef = 305BD4992AE9CD4D00C79F8A /* UpdateScripts.swift */; };
		30CDB1772AE86F8B0059A4D9 /* ContentViewExtensions.swift in Sources */ = {isa = PBXBuildFile; fileRef = 30CDB1762AE86F8B0059A4D9 /* ContentViewExtensions.swift */; };
		30CDB1792AE87C040059A4D9 /* NetworkCheck.swift in Sources */ = {isa = PBXBuildFile; fileRef = 30CDB1782AE87C040059A4D9 /* NetworkCheck.swift */; };
		30E88C432AECA4DB00278D94 /* mUpdaterMenuBarApp.swift in Sources */ = {isa = PBXBuildFile; fileRef = 30E88C422AECA4DB00278D94 /* mUpdaterMenuBarApp.swift */; };
		30E88C472AECA4DC00278D94 /* Assets.xcassets in Resources */ = {isa = PBXBuildFile; fileRef = 30E88C462AECA4DC00278D94 /* Assets.xcassets */; };
		30E88C4A2AECA4DC00278D94 /* Preview Assets.xcassets in Resources */ = {isa = PBXBuildFile; fileRef = 30E88C492AECA4DC00278D94 /* Preview Assets.xcassets */; };
		30E88C552AECA4DC00278D94 /* mUpdaterMenuBarTests.swift in Sources */ = {isa = PBXBuildFile; fileRef = 30E88C542AECA4DC00278D94 /* mUpdaterMenuBarTests.swift */; };
		30E88C5F2AECA4DC00278D94 /* mUpdaterMenuBarUITests.swift in Sources */ = {isa = PBXBuildFile; fileRef = 30E88C5E2AECA4DC00278D94 /* mUpdaterMenuBarUITests.swift */; };
		30E88C612AECA4DC00278D94 /* mUpdaterMenuBarUITestsLaunchTests.swift in Sources */ = {isa = PBXBuildFile; fileRef = 30E88C602AECA4DC00278D94 /* mUpdaterMenuBarUITestsLaunchTests.swift */; };
/* End PBXBuildFile section */

/* Begin PBXContainerItemProxy section */
		303A85502AE6A9E300412588 /* PBXContainerItemProxy */ = {
			isa = PBXContainerItemProxy;
			containerPortal = 303A85362AE6A9E200412588 /* Project object */;
			proxyType = 1;
			remoteGlobalIDString = 303A853D2AE6A9E200412588;
			remoteInfo = mNativeUpdater;
		};
		303A855A2AE6A9E300412588 /* PBXContainerItemProxy */ = {
			isa = PBXContainerItemProxy;
			containerPortal = 303A85362AE6A9E200412588 /* Project object */;
			proxyType = 1;
			remoteGlobalIDString = 303A853D2AE6A9E200412588;
			remoteInfo = mNativeUpdater;
		};
		30E88C512AECA4DC00278D94 /* PBXContainerItemProxy */ = {
			isa = PBXContainerItemProxy;
			containerPortal = 303A85362AE6A9E200412588 /* Project object */;
			proxyType = 1;
			remoteGlobalIDString = 30E88C3F2AECA4DB00278D94;
			remoteInfo = mUpdaterMenuBar;
		};
		30E88C5B2AECA4DC00278D94 /* PBXContainerItemProxy */ = {
			isa = PBXContainerItemProxy;
			containerPortal = 303A85362AE6A9E200412588 /* Project object */;
			proxyType = 1;
			remoteGlobalIDString = 30E88C3F2AECA4DB00278D94;
			remoteInfo = mUpdaterMenuBar;
		};
/* End PBXContainerItemProxy section */

/* Begin PBXFileReference section */
		303A853E2AE6A9E200412588 /* mUpdater.app */ = {isa = PBXFileReference; explicitFileType = wrapper.application; includeInIndex = 0; path = mUpdater.app; sourceTree = BUILT_PRODUCTS_DIR; };
		303A85412AE6A9E200412588 /* mUpdaterApp.swift */ = {isa = PBXFileReference; lastKnownFileType = sourcecode.swift; path = mUpdaterApp.swift; sourceTree = "<group>"; };
		303A85432AE6A9E200412588 /* ContentView.swift */ = {isa = PBXFileReference; lastKnownFileType = sourcecode.swift; path = ContentView.swift; sourceTree = "<group>"; };
		303A85452AE6A9E300412588 /* Assets.xcassets */ = {isa = PBXFileReference; lastKnownFileType = folder.assetcatalog; path = Assets.xcassets; sourceTree = "<group>"; };
		303A85482AE6A9E300412588 /* Preview Assets.xcassets */ = {isa = PBXFileReference; lastKnownFileType = folder.assetcatalog; path = "Preview Assets.xcassets"; sourceTree = "<group>"; };
		303A854A2AE6A9E300412588 /* mUpdater.entitlements */ = {isa = PBXFileReference; lastKnownFileType = text.plist.entitlements; path = mUpdater.entitlements; sourceTree = "<group>"; };
		303A854F2AE6A9E300412588 /* mUpdaterTests.xctest */ = {isa = PBXFileReference; explicitFileType = wrapper.cfbundle; includeInIndex = 0; path = mUpdaterTests.xctest; sourceTree = BUILT_PRODUCTS_DIR; };
		303A85532AE6A9E300412588 /* mUpdaterTests.swift */ = {isa = PBXFileReference; lastKnownFileType = sourcecode.swift; path = mUpdaterTests.swift; sourceTree = "<group>"; };
		303A85592AE6A9E300412588 /* mUpdaterUITests.xctest */ = {isa = PBXFileReference; explicitFileType = wrapper.cfbundle; includeInIndex = 0; path = mUpdaterUITests.xctest; sourceTree = BUILT_PRODUCTS_DIR; };
		303A855D2AE6A9E300412588 /* mUpdaterUITests.swift */ = {isa = PBXFileReference; lastKnownFileType = sourcecode.swift; path = mUpdaterUITests.swift; sourceTree = "<group>"; };
		303A855F2AE6A9E300412588 /* mUpdaterUITestsLaunchTests.swift */ = {isa = PBXFileReference; lastKnownFileType = sourcecode.swift; path = mUpdaterUITestsLaunchTests.swift; sourceTree = "<group>"; };
		303A856C2AE6AA5700412588 /* BlurredView.swift */ = {isa = PBXFileReference; lastKnownFileType = sourcecode.swift; path = BlurredView.swift; sourceTree = "<group>"; };
		305050782AEB3996009FD112 /* UpdaterViewModel.swift */ = {isa = PBXFileReference; lastKnownFileType = sourcecode.swift; path = UpdaterViewModel.swift; sourceTree = "<group>"; };
		305BD4992AE9CD4D00C79F8A /* UpdateScripts.swift */ = {isa = PBXFileReference; lastKnownFileType = sourcecode.swift; path = UpdateScripts.swift; sourceTree = "<group>"; };
		30CDB1762AE86F8B0059A4D9 /* ContentViewExtensions.swift */ = {isa = PBXFileReference; lastKnownFileType = sourcecode.swift; path = ContentViewExtensions.swift; sourceTree = "<group>"; };
		30CDB1782AE87C040059A4D9 /* NetworkCheck.swift */ = {isa = PBXFileReference; lastKnownFileType = sourcecode.swift; path = NetworkCheck.swift; sourceTree = "<group>"; };
		30E88C402AECA4DB00278D94 /* mUpdaterMenuBar.app */ = {isa = PBXFileReference; explicitFileType = wrapper.application; includeInIndex = 0; path = mUpdaterMenuBar.app; sourceTree = BUILT_PRODUCTS_DIR; };
		30E88C422AECA4DB00278D94 /* mUpdaterMenuBarApp.swift */ = {isa = PBXFileReference; lastKnownFileType = sourcecode.swift; path = mUpdaterMenuBarApp.swift; sourceTree = "<group>"; };
		30E88C462AECA4DC00278D94 /* Assets.xcassets */ = {isa = PBXFileReference; lastKnownFileType = folder.assetcatalog; path = Assets.xcassets; sourceTree = "<group>"; };
		30E88C492AECA4DC00278D94 /* Preview Assets.xcassets */ = {isa = PBXFileReference; lastKnownFileType = folder.assetcatalog; path = "Preview Assets.xcassets"; sourceTree = "<group>"; };
		30E88C4B2AECA4DC00278D94 /* mUpdaterMenuBar.entitlements */ = {isa = PBXFileReference; lastKnownFileType = text.plist.entitlements; path = mUpdaterMenuBar.entitlements; sourceTree = "<group>"; };
		30E88C502AECA4DC00278D94 /* mUpdaterMenuBarTests.xctest */ = {isa = PBXFileReference; explicitFileType = wrapper.cfbundle; includeInIndex = 0; path = mUpdaterMenuBarTests.xctest; sourceTree = BUILT_PRODUCTS_DIR; };
		30E88C542AECA4DC00278D94 /* mUpdaterMenuBarTests.swift */ = {isa = PBXFileReference; lastKnownFileType = sourcecode.swift; path = mUpdaterMenuBarTests.swift; sourceTree = "<group>"; };
		30E88C5A2AECA4DC00278D94 /* mUpdaterMenuBarUITests.xctest */ = {isa = PBXFileReference; explicitFileType = wrapper.cfbundle; includeInIndex = 0; path = mUpdaterMenuBarUITests.xctest; sourceTree = BUILT_PRODUCTS_DIR; };
		30E88C5E2AECA4DC00278D94 /* mUpdaterMenuBarUITests.swift */ = {isa = PBXFileReference; lastKnownFileType = sourcecode.swift; path = mUpdaterMenuBarUITests.swift; sourceTree = "<group>"; };
		30E88C602AECA4DC00278D94 /* mUpdaterMenuBarUITestsLaunchTests.swift */ = {isa = PBXFileReference; lastKnownFileType = sourcecode.swift; path = mUpdaterMenuBarUITestsLaunchTests.swift; sourceTree = "<group>"; };
/* End PBXFileReference section */

/* Begin PBXFrameworksBuildPhase section */
		303A853B2AE6A9E200412588 /* Frameworks */ = {
			isa = PBXFrameworksBuildPhase;
			buildActionMask = 2147483647;
			files = (
			);
			runOnlyForDeploymentPostprocessing = 0;
		};
		303A854C2AE6A9E300412588 /* Frameworks */ = {
			isa = PBXFrameworksBuildPhase;
			buildActionMask = 2147483647;
			files = (
			);
			runOnlyForDeploymentPostprocessing = 0;
		};
		303A85562AE6A9E300412588 /* Frameworks */ = {
			isa = PBXFrameworksBuildPhase;
			buildActionMask = 2147483647;
			files = (
			);
			runOnlyForDeploymentPostprocessing = 0;
		};
		30E88C3D2AECA4DB00278D94 /* Frameworks */ = {
			isa = PBXFrameworksBuildPhase;
			buildActionMask = 2147483647;
			files = (
			);
			runOnlyForDeploymentPostprocessing = 0;
		};
		30E88C4D2AECA4DC00278D94 /* Frameworks */ = {
			isa = PBXFrameworksBuildPhase;
			buildActionMask = 2147483647;
			files = (
			);
			runOnlyForDeploymentPostprocessing = 0;
		};
		30E88C572AECA4DC00278D94 /* Frameworks */ = {
			isa = PBXFrameworksBuildPhase;
			buildActionMask = 2147483647;
			files = (
			);
			runOnlyForDeploymentPostprocessing = 0;
		};
/* End PBXFrameworksBuildPhase section */

/* Begin PBXGroup section */
		303A85352AE6A9E200412588 = {
			isa = PBXGroup;
			children = (
				303A85402AE6A9E200412588 /* mUpdater */,
				303A85522AE6A9E300412588 /* mUpdaterTests */,
				303A855C2AE6A9E300412588 /* mUpdaterUITests */,
				30E88C412AECA4DB00278D94 /* mUpdaterMenuBar */,
				30E88C532AECA4DC00278D94 /* mUpdaterMenuBarTests */,
				30E88C5D2AECA4DC00278D94 /* mUpdaterMenuBarUITests */,
				303A853F2AE6A9E200412588 /* Products */,
			);
			sourceTree = "<group>";
		};
		303A853F2AE6A9E200412588 /* Products */ = {
			isa = PBXGroup;
			children = (
				303A853E2AE6A9E200412588 /* mUpdater.app */,
				303A854F2AE6A9E300412588 /* mUpdaterTests.xctest */,
				303A85592AE6A9E300412588 /* mUpdaterUITests.xctest */,
				30E88C402AECA4DB00278D94 /* mUpdaterMenuBar.app */,
				30E88C502AECA4DC00278D94 /* mUpdaterMenuBarTests.xctest */,
				30E88C5A2AECA4DC00278D94 /* mUpdaterMenuBarUITests.xctest */,
			);
			name = Products;
			sourceTree = "<group>";
		};
		303A85402AE6A9E200412588 /* mUpdater */ = {
			isa = PBXGroup;
			children = (
				303A85412AE6A9E200412588 /* mUpdaterApp.swift */,
				303A85432AE6A9E200412588 /* ContentView.swift */,
				30CDB1762AE86F8B0059A4D9 /* ContentViewExtensions.swift */,
				305BD4992AE9CD4D00C79F8A /* UpdateScripts.swift */,
				30CDB1782AE87C040059A4D9 /* NetworkCheck.swift */,
				303A856C2AE6AA5700412588 /* BlurredView.swift */,
				305050782AEB3996009FD112 /* UpdaterViewModel.swift */,
				303A85452AE6A9E300412588 /* Assets.xcassets */,
				303A854A2AE6A9E300412588 /* mUpdater.entitlements */,
				303A85472AE6A9E300412588 /* Preview Content */,
			);
			path = mUpdater;
			sourceTree = "<group>";
		};
		303A85472AE6A9E300412588 /* Preview Content */ = {
			isa = PBXGroup;
			children = (
				303A85482AE6A9E300412588 /* Preview Assets.xcassets */,
			);
			path = "Preview Content";
			sourceTree = "<group>";
		};
		303A85522AE6A9E300412588 /* mUpdaterTests */ = {
			isa = PBXGroup;
			children = (
				303A85532AE6A9E300412588 /* mUpdaterTests.swift */,
			);
			path = mUpdaterTests;
			sourceTree = "<group>";
		};
		303A855C2AE6A9E300412588 /* mUpdaterUITests */ = {
			isa = PBXGroup;
			children = (
				303A855D2AE6A9E300412588 /* mUpdaterUITests.swift */,
				303A855F2AE6A9E300412588 /* mUpdaterUITestsLaunchTests.swift */,
			);
			path = mUpdaterUITests;
			sourceTree = "<group>";
		};
		30E88C412AECA4DB00278D94 /* mUpdaterMenuBar */ = {
			isa = PBXGroup;
			children = (
				30E88C422AECA4DB00278D94 /* mUpdaterMenuBarApp.swift */,
				30E88C462AECA4DC00278D94 /* Assets.xcassets */,
				30E88C4B2AECA4DC00278D94 /* mUpdaterMenuBar.entitlements */,
				30E88C482AECA4DC00278D94 /* Preview Content */,
			);
			path = mUpdaterMenuBar;
			sourceTree = "<group>";
		};
		30E88C482AECA4DC00278D94 /* Preview Content */ = {
			isa = PBXGroup;
			children = (
				30E88C492AECA4DC00278D94 /* Preview Assets.xcassets */,
			);
			path = "Preview Content";
			sourceTree = "<group>";
		};
		30E88C532AECA4DC00278D94 /* mUpdaterMenuBarTests */ = {
			isa = PBXGroup;
			children = (
				30E88C542AECA4DC00278D94 /* mUpdaterMenuBarTests.swift */,
			);
			path = mUpdaterMenuBarTests;
			sourceTree = "<group>";
		};
		30E88C5D2AECA4DC00278D94 /* mUpdaterMenuBarUITests */ = {
			isa = PBXGroup;
			children = (
				30E88C5E2AECA4DC00278D94 /* mUpdaterMenuBarUITests.swift */,
				30E88C602AECA4DC00278D94 /* mUpdaterMenuBarUITestsLaunchTests.swift */,
			);
			path = mUpdaterMenuBarUITests;
			sourceTree = "<group>";
		};
/* End PBXGroup section */

/* Begin PBXNativeTarget section */
		303A853D2AE6A9E200412588 /* mUpdater */ = {
			isa = PBXNativeTarget;
			buildConfigurationList = 303A85632AE6A9E300412588 /* Build configuration list for PBXNativeTarget "mUpdater" */;
			buildPhases = (
				303A853A2AE6A9E200412588 /* Sources */,
				303A853B2AE6A9E200412588 /* Frameworks */,
				303A853C2AE6A9E200412588 /* Resources */,
			);
			buildRules = (
			);
			dependencies = (
			);
			name = mUpdater;
			productName = mNativeUpdater;
			productReference = 303A853E2AE6A9E200412588 /* mUpdater.app */;
			productType = "com.apple.product-type.application";
		};
		303A854E2AE6A9E300412588 /* mUpdaterTests */ = {
			isa = PBXNativeTarget;
			buildConfigurationList = 303A85662AE6A9E300412588 /* Build configuration list for PBXNativeTarget "mUpdaterTests" */;
			buildPhases = (
				303A854B2AE6A9E300412588 /* Sources */,
				303A854C2AE6A9E300412588 /* Frameworks */,
				303A854D2AE6A9E300412588 /* Resources */,
			);
			buildRules = (
			);
			dependencies = (
				303A85512AE6A9E300412588 /* PBXTargetDependency */,
			);
			name = mUpdaterTests;
			productName = mNativeUpdaterTests;
			productReference = 303A854F2AE6A9E300412588 /* mUpdaterTests.xctest */;
			productType = "com.apple.product-type.bundle.unit-test";
		};
		303A85582AE6A9E300412588 /* mUpdaterUITests */ = {
			isa = PBXNativeTarget;
			buildConfigurationList = 303A85692AE6A9E300412588 /* Build configuration list for PBXNativeTarget "mUpdaterUITests" */;
			buildPhases = (
				303A85552AE6A9E300412588 /* Sources */,
				303A85562AE6A9E300412588 /* Frameworks */,
				303A85572AE6A9E300412588 /* Resources */,
			);
			buildRules = (
			);
			dependencies = (
				303A855B2AE6A9E300412588 /* PBXTargetDependency */,
			);
			name = mUpdaterUITests;
			productName = mNativeUpdaterUITests;
			productReference = 303A85592AE6A9E300412588 /* mUpdaterUITests.xctest */;
			productType = "com.apple.product-type.bundle.ui-testing";
		};
		30E88C3F2AECA4DB00278D94 /* mUpdaterMenuBar */ = {
			isa = PBXNativeTarget;
			buildConfigurationList = 30E88C622AECA4DC00278D94 /* Build configuration list for PBXNativeTarget "mUpdaterMenuBar" */;
			buildPhases = (
				30E88C3C2AECA4DB00278D94 /* Sources */,
				30E88C3D2AECA4DB00278D94 /* Frameworks */,
				30E88C3E2AECA4DB00278D94 /* Resources */,
			);
			buildRules = (
			);
			dependencies = (
			);
			name = mUpdaterMenuBar;
			productName = mUpdaterMenuBar;
			productReference = 30E88C402AECA4DB00278D94 /* mUpdaterMenuBar.app */;
			productType = "com.apple.product-type.application";
		};
		30E88C4F2AECA4DC00278D94 /* mUpdaterMenuBarTests */ = {
			isa = PBXNativeTarget;
			buildConfigurationList = 30E88C652AECA4DC00278D94 /* Build configuration list for PBXNativeTarget "mUpdaterMenuBarTests" */;
			buildPhases = (
				30E88C4C2AECA4DC00278D94 /* Sources */,
				30E88C4D2AECA4DC00278D94 /* Frameworks */,
				30E88C4E2AECA4DC00278D94 /* Resources */,
			);
			buildRules = (
			);
			dependencies = (
				30E88C522AECA4DC00278D94 /* PBXTargetDependency */,
			);
			name = mUpdaterMenuBarTests;
			productName = mUpdaterMenuBarTests;
			productReference = 30E88C502AECA4DC00278D94 /* mUpdaterMenuBarTests.xctest */;
			productType = "com.apple.product-type.bundle.unit-test";
		};
		30E88C592AECA4DC00278D94 /* mUpdaterMenuBarUITests */ = {
			isa = PBXNativeTarget;
			buildConfigurationList = 30E88C682AECA4DC00278D94 /* Build configuration list for PBXNativeTarget "mUpdaterMenuBarUITests" */;
			buildPhases = (
				30E88C562AECA4DC00278D94 /* Sources */,
				30E88C572AECA4DC00278D94 /* Frameworks */,
				30E88C582AECA4DC00278D94 /* Resources */,
			);
			buildRules = (
			);
			dependencies = (
				30E88C5C2AECA4DC00278D94 /* PBXTargetDependency */,
			);
			name = mUpdaterMenuBarUITests;
			productName = mUpdaterMenuBarUITests;
			productReference = 30E88C5A2AECA4DC00278D94 /* mUpdaterMenuBarUITests.xctest */;
			productType = "com.apple.product-type.bundle.ui-testing";
		};
/* End PBXNativeTarget section */

/* Begin PBXProject section */
		303A85362AE6A9E200412588 /* Project object */ = {
			isa = PBXProject;
			attributes = {
				BuildIndependentTargetsInParallel = 1;
				LastSwiftUpdateCheck = 1500;
				LastUpgradeCheck = 1500;
				TargetAttributes = {
					303A853D2AE6A9E200412588 = {
						CreatedOnToolsVersion = 15.0;
					};
					303A854E2AE6A9E300412588 = {
						CreatedOnToolsVersion = 15.0;
						TestTargetID = 303A853D2AE6A9E200412588;
					};
					303A85582AE6A9E300412588 = {
						CreatedOnToolsVersion = 15.0;
						TestTargetID = 303A853D2AE6A9E200412588;
					};
					30E88C3F2AECA4DB00278D94 = {
						CreatedOnToolsVersion = 15.0.1;
					};
					30E88C4F2AECA4DC00278D94 = {
						CreatedOnToolsVersion = 15.0.1;
						TestTargetID = 30E88C3F2AECA4DB00278D94;
					};
					30E88C592AECA4DC00278D94 = {
						CreatedOnToolsVersion = 15.0.1;
						TestTargetID = 30E88C3F2AECA4DB00278D94;
					};
				};
			};
			buildConfigurationList = 303A85392AE6A9E200412588 /* Build configuration list for PBXProject "mUpdater" */;
			compatibilityVersion = "Xcode 14.0";
			developmentRegion = en;
			hasScannedForEncodings = 0;
			knownRegions = (
				en,
				Base,
			);
			mainGroup = 303A85352AE6A9E200412588;
			productRefGroup = 303A853F2AE6A9E200412588 /* Products */;
			projectDirPath = "";
			projectRoot = "";
			targets = (
				303A853D2AE6A9E200412588 /* mUpdater */,
				303A854E2AE6A9E300412588 /* mUpdaterTests */,
				303A85582AE6A9E300412588 /* mUpdaterUITests */,
				30E88C3F2AECA4DB00278D94 /* mUpdaterMenuBar */,
				30E88C4F2AECA4DC00278D94 /* mUpdaterMenuBarTests */,
				30E88C592AECA4DC00278D94 /* mUpdaterMenuBarUITests */,
			);
		};
/* End PBXProject section */

/* Begin PBXResourcesBuildPhase section */
		303A853C2AE6A9E200412588 /* Resources */ = {
			isa = PBXResourcesBuildPhase;
			buildActionMask = 2147483647;
			files = (
				303A85492AE6A9E300412588 /* Preview Assets.xcassets in Resources */,
				303A85462AE6A9E300412588 /* Assets.xcassets in Resources */,
			);
			runOnlyForDeploymentPostprocessing = 0;
		};
		303A854D2AE6A9E300412588 /* Resources */ = {
			isa = PBXResourcesBuildPhase;
			buildActionMask = 2147483647;
			files = (
			);
			runOnlyForDeploymentPostprocessing = 0;
		};
		303A85572AE6A9E300412588 /* Resources */ = {
			isa = PBXResourcesBuildPhase;
			buildActionMask = 2147483647;
			files = (
			);
			runOnlyForDeploymentPostprocessing = 0;
		};
		30E88C3E2AECA4DB00278D94 /* Resources */ = {
			isa = PBXResourcesBuildPhase;
			buildActionMask = 2147483647;
			files = (
				30E88C4A2AECA4DC00278D94 /* Preview Assets.xcassets in Resources */,
				30E88C472AECA4DC00278D94 /* Assets.xcassets in Resources */,
			);
			runOnlyForDeploymentPostprocessing = 0;
		};
		30E88C4E2AECA4DC00278D94 /* Resources */ = {
			isa = PBXResourcesBuildPhase;
			buildActionMask = 2147483647;
			files = (
			);
			runOnlyForDeploymentPostprocessing = 0;
		};
		30E88C582AECA4DC00278D94 /* Resources */ = {
			isa = PBXResourcesBuildPhase;
			buildActionMask = 2147483647;
			files = (
			);
			runOnlyForDeploymentPostprocessing = 0;
		};
/* End PBXResourcesBuildPhase section */

/* Begin PBXSourcesBuildPhase section */
		303A853A2AE6A9E200412588 /* Sources */ = {
			isa = PBXSourcesBuildPhase;
			buildActionMask = 2147483647;
			files = (
				303A85442AE6A9E200412588 /* ContentView.swift in Sources */,
				305050792AEB3996009FD112 /* UpdaterViewModel.swift in Sources */,
				305BD49A2AE9CD4D00C79F8A /* UpdateScripts.swift in Sources */,
				30CDB1792AE87C040059A4D9 /* NetworkCheck.swift in Sources */,
				30CDB1772AE86F8B0059A4D9 /* ContentViewExtensions.swift in Sources */,
				303A85422AE6A9E200412588 /* mUpdaterApp.swift in Sources */,
				303A856D2AE6AA5700412588 /* BlurredView.swift in Sources */,
			);
			runOnlyForDeploymentPostprocessing = 0;
		};
		303A854B2AE6A9E300412588 /* Sources */ = {
			isa = PBXSourcesBuildPhase;
			buildActionMask = 2147483647;
			files = (
				303A85542AE6A9E300412588 /* mUpdaterTests.swift in Sources */,
			);
			runOnlyForDeploymentPostprocessing = 0;
		};
		303A85552AE6A9E300412588 /* Sources */ = {
			isa = PBXSourcesBuildPhase;
			buildActionMask = 2147483647;
			files = (
				303A855E2AE6A9E300412588 /* mUpdaterUITests.swift in Sources */,
				303A85602AE6A9E300412588 /* mUpdaterUITestsLaunchTests.swift in Sources */,
			);
			runOnlyForDeploymentPostprocessing = 0;
		};
		30E88C3C2AECA4DB00278D94 /* Sources */ = {
			isa = PBXSourcesBuildPhase;
			buildActionMask = 2147483647;
			files = (
				30E88C432AECA4DB00278D94 /* mUpdaterMenuBarApp.swift in Sources */,
			);
			runOnlyForDeploymentPostprocessing = 0;
		};
		30E88C4C2AECA4DC00278D94 /* Sources */ = {
			isa = PBXSourcesBuildPhase;
			buildActionMask = 2147483647;
			files = (
				30E88C552AECA4DC00278D94 /* mUpdaterMenuBarTests.swift in Sources */,
			);
			runOnlyForDeploymentPostprocessing = 0;
		};
		30E88C562AECA4DC00278D94 /* Sources */ = {
			isa = PBXSourcesBuildPhase;
			buildActionMask = 2147483647;
			files = (
				30E88C5F2AECA4DC00278D94 /* mUpdaterMenuBarUITests.swift in Sources */,
				30E88C612AECA4DC00278D94 /* mUpdaterMenuBarUITestsLaunchTests.swift in Sources */,
			);
			runOnlyForDeploymentPostprocessing = 0;
		};
/* End PBXSourcesBuildPhase section */

/* Begin PBXTargetDependency section */
		303A85512AE6A9E300412588 /* PBXTargetDependency */ = {
			isa = PBXTargetDependency;
			target = 303A853D2AE6A9E200412588 /* mUpdater */;
			targetProxy = 303A85502AE6A9E300412588 /* PBXContainerItemProxy */;
		};
		303A855B2AE6A9E300412588 /* PBXTargetDependency */ = {
			isa = PBXTargetDependency;
			target = 303A853D2AE6A9E200412588 /* mUpdater */;
			targetProxy = 303A855A2AE6A9E300412588 /* PBXContainerItemProxy */;
		};
		30E88C522AECA4DC00278D94 /* PBXTargetDependency */ = {
			isa = PBXTargetDependency;
			target = 30E88C3F2AECA4DB00278D94 /* mUpdaterMenuBar */;
			targetProxy = 30E88C512AECA4DC00278D94 /* PBXContainerItemProxy */;
		};
		30E88C5C2AECA4DC00278D94 /* PBXTargetDependency */ = {
			isa = PBXTargetDependency;
			target = 30E88C3F2AECA4DB00278D94 /* mUpdaterMenuBar */;
			targetProxy = 30E88C5B2AECA4DC00278D94 /* PBXContainerItemProxy */;
		};
/* End PBXTargetDependency section */

/* Begin XCBuildConfiguration section */
		303A85612AE6A9E300412588 /* Debug */ = {
			isa = XCBuildConfiguration;
			buildSettings = {
				ALWAYS_SEARCH_USER_PATHS = NO;
				ASSETCATALOG_COMPILER_GENERATE_SWIFT_ASSET_SYMBOL_EXTENSIONS = YES;
				CLANG_ANALYZER_NONNULL = YES;
				CLANG_ANALYZER_NUMBER_OBJECT_CONVERSION = YES_AGGRESSIVE;
				CLANG_CXX_LANGUAGE_STANDARD = "gnu++20";
				CLANG_ENABLE_MODULES = YES;
				CLANG_ENABLE_OBJC_ARC = YES;
				CLANG_ENABLE_OBJC_WEAK = YES;
				CLANG_WARN_BLOCK_CAPTURE_AUTORELEASING = YES;
				CLANG_WARN_BOOL_CONVERSION = YES;
				CLANG_WARN_COMMA = YES;
				CLANG_WARN_CONSTANT_CONVERSION = YES;
				CLANG_WARN_DEPRECATED_OBJC_IMPLEMENTATIONS = YES;
				CLANG_WARN_DIRECT_OBJC_ISA_USAGE = YES_ERROR;
				CLANG_WARN_DOCUMENTATION_COMMENTS = YES;
				CLANG_WARN_EMPTY_BODY = YES;
				CLANG_WARN_ENUM_CONVERSION = YES;
				CLANG_WARN_INFINITE_RECURSION = YES;
				CLANG_WARN_INT_CONVERSION = YES;
				CLANG_WARN_NON_LITERAL_NULL_CONVERSION = YES;
				CLANG_WARN_OBJC_IMPLICIT_RETAIN_SELF = YES;
				CLANG_WARN_OBJC_LITERAL_CONVERSION = YES;
				CLANG_WARN_OBJC_ROOT_CLASS = YES_ERROR;
				CLANG_WARN_QUOTED_INCLUDE_IN_FRAMEWORK_HEADER = YES;
				CLANG_WARN_RANGE_LOOP_ANALYSIS = YES;
				CLANG_WARN_STRICT_PROTOTYPES = YES;
				CLANG_WARN_SUSPICIOUS_MOVE = YES;
				CLANG_WARN_UNGUARDED_AVAILABILITY = YES_AGGRESSIVE;
				CLANG_WARN_UNREACHABLE_CODE = YES;
				CLANG_WARN__DUPLICATE_METHOD_MATCH = YES;
				COPY_PHASE_STRIP = NO;
				DEBUG_INFORMATION_FORMAT = dwarf;
				ENABLE_STRICT_OBJC_MSGSEND = YES;
				ENABLE_TESTABILITY = YES;
				ENABLE_USER_SCRIPT_SANDBOXING = YES;
				GCC_C_LANGUAGE_STANDARD = gnu17;
				GCC_DYNAMIC_NO_PIC = NO;
				GCC_NO_COMMON_BLOCKS = YES;
				GCC_OPTIMIZATION_LEVEL = 0;
				GCC_PREPROCESSOR_DEFINITIONS = (
					"DEBUG=1",
					"$(inherited)",
				);
				GCC_WARN_64_TO_32_BIT_CONVERSION = YES;
				GCC_WARN_ABOUT_RETURN_TYPE = YES_ERROR;
				GCC_WARN_UNDECLARED_SELECTOR = YES;
				GCC_WARN_UNINITIALIZED_AUTOS = YES_AGGRESSIVE;
				GCC_WARN_UNUSED_FUNCTION = YES;
				GCC_WARN_UNUSED_VARIABLE = YES;
				LOCALIZATION_PREFERS_STRING_CATALOGS = YES;
				MACOSX_DEPLOYMENT_TARGET = 14.0;
				MTL_ENABLE_DEBUG_INFO = INCLUDE_SOURCE;
				MTL_FAST_MATH = YES;
				ONLY_ACTIVE_ARCH = YES;
				SDKROOT = macosx;
				SWIFT_ACTIVE_COMPILATION_CONDITIONS = "DEBUG $(inherited)";
				SWIFT_OPTIMIZATION_LEVEL = "-Onone";
			};
			name = Debug;
		};
		303A85622AE6A9E300412588 /* Release */ = {
			isa = XCBuildConfiguration;
			buildSettings = {
				ALWAYS_SEARCH_USER_PATHS = NO;
				ASSETCATALOG_COMPILER_GENERATE_SWIFT_ASSET_SYMBOL_EXTENSIONS = YES;
				CLANG_ANALYZER_NONNULL = YES;
				CLANG_ANALYZER_NUMBER_OBJECT_CONVERSION = YES_AGGRESSIVE;
				CLANG_CXX_LANGUAGE_STANDARD = "gnu++20";
				CLANG_ENABLE_MODULES = YES;
				CLANG_ENABLE_OBJC_ARC = YES;
				CLANG_ENABLE_OBJC_WEAK = YES;
				CLANG_WARN_BLOCK_CAPTURE_AUTORELEASING = YES;
				CLANG_WARN_BOOL_CONVERSION = YES;
				CLANG_WARN_COMMA = YES;
				CLANG_WARN_CONSTANT_CONVERSION = YES;
				CLANG_WARN_DEPRECATED_OBJC_IMPLEMENTATIONS = YES;
				CLANG_WARN_DIRECT_OBJC_ISA_USAGE = YES_ERROR;
				CLANG_WARN_DOCUMENTATION_COMMENTS = YES;
				CLANG_WARN_EMPTY_BODY = YES;
				CLANG_WARN_ENUM_CONVERSION = YES;
				CLANG_WARN_INFINITE_RECURSION = YES;
				CLANG_WARN_INT_CONVERSION = YES;
				CLANG_WARN_NON_LITERAL_NULL_CONVERSION = YES;
				CLANG_WARN_OBJC_IMPLICIT_RETAIN_SELF = YES;
				CLANG_WARN_OBJC_LITERAL_CONVERSION = YES;
				CLANG_WARN_OBJC_ROOT_CLASS = YES_ERROR;
				CLANG_WARN_QUOTED_INCLUDE_IN_FRAMEWORK_HEADER = YES;
				CLANG_WARN_RANGE_LOOP_ANALYSIS = YES;
				CLANG_WARN_STRICT_PROTOTYPES = YES;
				CLANG_WARN_SUSPICIOUS_MOVE = YES;
				CLANG_WARN_UNGUARDED_AVAILABILITY = YES_AGGRESSIVE;
				CLANG_WARN_UNREACHABLE_CODE = YES;
				CLANG_WARN__DUPLICATE_METHOD_MATCH = YES;
				COPY_PHASE_STRIP = NO;
				DEBUG_INFORMATION_FORMAT = "dwarf-with-dsym";
				ENABLE_NS_ASSERTIONS = NO;
				ENABLE_STRICT_OBJC_MSGSEND = YES;
				ENABLE_USER_SCRIPT_SANDBOXING = YES;
				GCC_C_LANGUAGE_STANDARD = gnu17;
				GCC_NO_COMMON_BLOCKS = YES;
				GCC_WARN_64_TO_32_BIT_CONVERSION = YES;
				GCC_WARN_ABOUT_RETURN_TYPE = YES_ERROR;
				GCC_WARN_UNDECLARED_SELECTOR = YES;
				GCC_WARN_UNINITIALIZED_AUTOS = YES_AGGRESSIVE;
				GCC_WARN_UNUSED_FUNCTION = YES;
				GCC_WARN_UNUSED_VARIABLE = YES;
				LOCALIZATION_PREFERS_STRING_CATALOGS = YES;
				MACOSX_DEPLOYMENT_TARGET = 14.0;
				MTL_ENABLE_DEBUG_INFO = NO;
				MTL_FAST_MATH = YES;
				SDKROOT = macosx;
				SWIFT_COMPILATION_MODE = wholemodule;
			};
			name = Release;
		};
		303A85642AE6A9E300412588 /* Debug */ = {
			isa = XCBuildConfiguration;
			buildSettings = {
				ASSETCATALOG_COMPILER_APPICON_NAME = AppIcon;
				ASSETCATALOG_COMPILER_GLOBAL_ACCENT_COLOR_NAME = AccentColor;
				CODE_SIGN_ENTITLEMENTS = mUpdater/mUpdater.entitlements;
				"CODE_SIGN_IDENTITY[sdk=macosx*]" = "Apple Development";
				CODE_SIGN_STYLE = Automatic;
				COMBINE_HIDPI_IMAGES = YES;
				CURRENT_PROJECT_VERSION = 92;
				DEVELOPMENT_ASSET_PATHS = "\"mUpdater/Preview Content\"";
				DEVELOPMENT_TEAM = AKMDV26QQ4;
				ENABLE_HARDENED_RUNTIME = YES;
				ENABLE_PREVIEWS = YES;
				GENERATE_INFOPLIST_FILE = YES;
				INFOPLIST_KEY_CFBundleDisplayName = mUpdater;
				INFOPLIST_KEY_LSApplicationCategoryType = "public.app-category.developer-tools";
				INFOPLIST_KEY_NSHumanReadableCopyright = "";
				LD_RUNPATH_SEARCH_PATHS = (
					"$(inherited)",
					"@executable_path/../Frameworks",
				);
				MARKETING_VERSION = 1.7.1;
				PRODUCT_BUNDLE_IDENTIFIER = com.yzhang.mUpdater;
				PRODUCT_NAME = "$(TARGET_NAME)";
				SWIFT_EMIT_LOC_STRINGS = YES;
				SWIFT_VERSION = 5.0;
				VERSIONING_SYSTEM = "apple-generic";
			};
			name = Debug;
		};
		303A85652AE6A9E300412588 /* Release */ = {
			isa = XCBuildConfiguration;
			buildSettings = {
				ASSETCATALOG_COMPILER_APPICON_NAME = AppIcon;
				ASSETCATALOG_COMPILER_GLOBAL_ACCENT_COLOR_NAME = AccentColor;
				CODE_SIGN_ENTITLEMENTS = mUpdater/mUpdater.entitlements;
				"CODE_SIGN_IDENTITY[sdk=macosx*]" = "Apple Development";
				CODE_SIGN_STYLE = Automatic;
				COMBINE_HIDPI_IMAGES = YES;
				CURRENT_PROJECT_VERSION = 92;
				DEVELOPMENT_ASSET_PATHS = "\"mUpdater/Preview Content\"";
				DEVELOPMENT_TEAM = AKMDV26QQ4;
				ENABLE_HARDENED_RUNTIME = YES;
				ENABLE_PREVIEWS = YES;
				GENERATE_INFOPLIST_FILE = YES;
				INFOPLIST_KEY_CFBundleDisplayName = mUpdater;
				INFOPLIST_KEY_LSApplicationCategoryType = "public.app-category.developer-tools";
				INFOPLIST_KEY_NSHumanReadableCopyright = "";
				LD_RUNPATH_SEARCH_PATHS = (
					"$(inherited)",
					"@executable_path/../Frameworks",
				);
				MARKETING_VERSION = 1.7.1;
				PRODUCT_BUNDLE_IDENTIFIER = com.yzhang.mUpdater;
				PRODUCT_NAME = "$(TARGET_NAME)";
				SWIFT_EMIT_LOC_STRINGS = YES;
				SWIFT_VERSION = 5.0;
				VERSIONING_SYSTEM = "apple-generic";
			};
			name = Release;
		};
		303A85672AE6A9E300412588 /* Debug */ = {
			isa = XCBuildConfiguration;
			buildSettings = {
				ALWAYS_EMBED_SWIFT_STANDARD_LIBRARIES = YES;
				BUNDLE_LOADER = "$(TEST_HOST)";
				CODE_SIGN_STYLE = Automatic;
				CURRENT_PROJECT_VERSION = 391;
				DEVELOPMENT_TEAM = AKMDV26QQ4;
				GENERATE_INFOPLIST_FILE = YES;
				MACOSX_DEPLOYMENT_TARGET = 14.0;
				MARKETING_VERSION = 1.0;
				PRODUCT_BUNDLE_IDENTIFIER = com.yzhang.mUpdaterTests;
				PRODUCT_NAME = "$(TARGET_NAME)";
				SWIFT_EMIT_LOC_STRINGS = NO;
				SWIFT_VERSION = 5.0;
				TEST_HOST = "$(BUILT_PRODUCTS_DIR)/mUpdater.app/$(BUNDLE_EXECUTABLE_FOLDER_PATH)/mUpdater";
			};
			name = Debug;
		};
		303A85682AE6A9E300412588 /* Release */ = {
			isa = XCBuildConfiguration;
			buildSettings = {
				ALWAYS_EMBED_SWIFT_STANDARD_LIBRARIES = YES;
				BUNDLE_LOADER = "$(TEST_HOST)";
				CODE_SIGN_STYLE = Automatic;
				CURRENT_PROJECT_VERSION = 391;
				DEVELOPMENT_TEAM = AKMDV26QQ4;
				GENERATE_INFOPLIST_FILE = YES;
				MACOSX_DEPLOYMENT_TARGET = 14.0;
				MARKETING_VERSION = 1.0;
				PRODUCT_BUNDLE_IDENTIFIER = com.yzhang.mUpdaterTests;
				PRODUCT_NAME = "$(TARGET_NAME)";
				SWIFT_EMIT_LOC_STRINGS = NO;
				SWIFT_VERSION = 5.0;
				TEST_HOST = "$(BUILT_PRODUCTS_DIR)/mUpdater.app/$(BUNDLE_EXECUTABLE_FOLDER_PATH)/mUpdater";
			};
			name = Release;
		};
		303A856A2AE6A9E300412588 /* Debug */ = {
			isa = XCBuildConfiguration;
			buildSettings = {
				ALWAYS_EMBED_SWIFT_STANDARD_LIBRARIES = YES;
				CODE_SIGN_STYLE = Automatic;
				CURRENT_PROJECT_VERSION = 391;
				DEVELOPMENT_TEAM = AKMDV26QQ4;
				GENERATE_INFOPLIST_FILE = YES;
				MARKETING_VERSION = 1.0;
				PRODUCT_BUNDLE_IDENTIFIER = com.yzhang.mUpdaterUITests;
				PRODUCT_NAME = "$(TARGET_NAME)";
				SWIFT_EMIT_LOC_STRINGS = NO;
				SWIFT_VERSION = 5.0;
				TEST_TARGET_NAME = mUpdater;
			};
			name = Debug;
		};
		303A856B2AE6A9E300412588 /* Release */ = {
			isa = XCBuildConfiguration;
			buildSettings = {
				ALWAYS_EMBED_SWIFT_STANDARD_LIBRARIES = YES;
				CODE_SIGN_STYLE = Automatic;
				CURRENT_PROJECT_VERSION = 391;
				DEVELOPMENT_TEAM = AKMDV26QQ4;
				GENERATE_INFOPLIST_FILE = YES;
				MARKETING_VERSION = 1.0;
				PRODUCT_BUNDLE_IDENTIFIER = com.yzhang.mUpdaterUITests;
				PRODUCT_NAME = "$(TARGET_NAME)";
				SWIFT_EMIT_LOC_STRINGS = NO;
				SWIFT_VERSION = 5.0;
				TEST_TARGET_NAME = mUpdater;
			};
			name = Release;
		};
		30E88C632AECA4DC00278D94 /* Debug */ = {
			isa = XCBuildConfiguration;
			buildSettings = {
				ASSETCATALOG_COMPILER_APPICON_NAME = AppIcon;
				ASSETCATALOG_COMPILER_GLOBAL_ACCENT_COLOR_NAME = AccentColor;
				CODE_SIGN_ENTITLEMENTS = mUpdaterMenuBar/mUpdaterMenuBar.entitlements;
				CODE_SIGN_STYLE = Automatic;
				COMBINE_HIDPI_IMAGES = YES;
				CURRENT_PROJECT_VERSION = 1;
				DEVELOPMENT_ASSET_PATHS = "\"mUpdaterMenuBar/Preview Content\"";
				DEVELOPMENT_TEAM = AKMDV26QQ4;
				ENABLE_HARDENED_RUNTIME = YES;
				ENABLE_PREVIEWS = YES;
				GENERATE_INFOPLIST_FILE = YES;
				INFOPLIST_KEY_LSUIElement = YES;
				INFOPLIST_KEY_NSHumanReadableCopyright = "";
				LD_RUNPATH_SEARCH_PATHS = (
					"$(inherited)",
					"@executable_path/../Frameworks",
				);
				MARKETING_VERSION = 1.0;
				PRODUCT_BUNDLE_IDENTIFIER = com.yzhang.mUpdaterMenuBar;
				PRODUCT_NAME = "$(TARGET_NAME)";
				SWIFT_EMIT_LOC_STRINGS = YES;
				SWIFT_VERSION = 5.0;
			};
			name = Debug;
		};
		30E88C642AECA4DC00278D94 /* Release */ = {
			isa = XCBuildConfiguration;
			buildSettings = {
				ASSETCATALOG_COMPILER_APPICON_NAME = AppIcon;
				ASSETCATALOG_COMPILER_GLOBAL_ACCENT_COLOR_NAME = AccentColor;
				CODE_SIGN_ENTITLEMENTS = mUpdaterMenuBar/mUpdaterMenuBar.entitlements;
				CODE_SIGN_STYLE = Automatic;
				COMBINE_HIDPI_IMAGES = YES;
				CURRENT_PROJECT_VERSION = 1;
				DEVELOPMENT_ASSET_PATHS = "\"mUpdaterMenuBar/Preview Content\"";
				DEVELOPMENT_TEAM = AKMDV26QQ4;
				ENABLE_HARDENED_RUNTIME = YES;
				ENABLE_PREVIEWS = YES;
				GENERATE_INFOPLIST_FILE = YES;
				INFOPLIST_KEY_LSUIElement = YES;
				INFOPLIST_KEY_NSHumanReadableCopyright = "";
				LD_RUNPATH_SEARCH_PATHS = (
					"$(inherited)",
					"@executable_path/../Frameworks",
				);
				MARKETING_VERSION = 1.0;
				PRODUCT_BUNDLE_IDENTIFIER = com.yzhang.mUpdaterMenuBar;
				PRODUCT_NAME = "$(TARGET_NAME)";
				SWIFT_EMIT_LOC_STRINGS = YES;
				SWIFT_VERSION = 5.0;
			};
			name = Release;
		};
		30E88C662AECA4DC00278D94 /* Debug */ = {
			isa = XCBuildConfiguration;
			buildSettings = {
				ALWAYS_EMBED_SWIFT_STANDARD_LIBRARIES = YES;
				BUNDLE_LOADER = "$(TEST_HOST)";
				CODE_SIGN_STYLE = Automatic;
				CURRENT_PROJECT_VERSION = 1;
				DEVELOPMENT_TEAM = AKMDV26QQ4;
				GENERATE_INFOPLIST_FILE = YES;
				MACOSX_DEPLOYMENT_TARGET = 14.0;
				MARKETING_VERSION = 1.0;
				PRODUCT_BUNDLE_IDENTIFIER = com.yzhang.mUpdaterMenuBarTests;
				PRODUCT_NAME = "$(TARGET_NAME)";
				SWIFT_EMIT_LOC_STRINGS = NO;
				SWIFT_VERSION = 5.0;
				TEST_HOST = "$(BUILT_PRODUCTS_DIR)/mUpdaterMenuBar.app/$(BUNDLE_EXECUTABLE_FOLDER_PATH)/mUpdaterMenuBar";
			};
			name = Debug;
		};
		30E88C672AECA4DC00278D94 /* Release */ = {
			isa = XCBuildConfiguration;
			buildSettings = {
				ALWAYS_EMBED_SWIFT_STANDARD_LIBRARIES = YES;
				BUNDLE_LOADER = "$(TEST_HOST)";
				CODE_SIGN_STYLE = Automatic;
				CURRENT_PROJECT_VERSION = 1;
				DEVELOPMENT_TEAM = AKMDV26QQ4;
				GENERATE_INFOPLIST_FILE = YES;
				MACOSX_DEPLOYMENT_TARGET = 14.0;
				MARKETING_VERSION = 1.0;
				PRODUCT_BUNDLE_IDENTIFIER = com.yzhang.mUpdaterMenuBarTests;
				PRODUCT_NAME = "$(TARGET_NAME)";
				SWIFT_EMIT_LOC_STRINGS = NO;
				SWIFT_VERSION = 5.0;
				TEST_HOST = "$(BUILT_PRODUCTS_DIR)/mUpdaterMenuBar.app/$(BUNDLE_EXECUTABLE_FOLDER_PATH)/mUpdaterMenuBar";
			};
			name = Release;
		};
		30E88C692AECA4DC00278D94 /* Debug */ = {
			isa = XCBuildConfiguration;
			buildSettings = {
				ALWAYS_EMBED_SWIFT_STANDARD_LIBRARIES = YES;
				CODE_SIGN_STYLE = Automatic;
				CURRENT_PROJECT_VERSION = 1;
				DEVELOPMENT_TEAM = AKMDV26QQ4;
				GENERATE_INFOPLIST_FILE = YES;
				MARKETING_VERSION = 1.0;
				PRODUCT_BUNDLE_IDENTIFIER = com.yzhang.mUpdaterMenuBarUITests;
				PRODUCT_NAME = "$(TARGET_NAME)";
				SWIFT_EMIT_LOC_STRINGS = NO;
				SWIFT_VERSION = 5.0;
				TEST_TARGET_NAME = mUpdaterMenuBar;
			};
			name = Debug;
		};
		30E88C6A2AECA4DC00278D94 /* Release */ = {
			isa = XCBuildConfiguration;
			buildSettings = {
				ALWAYS_EMBED_SWIFT_STANDARD_LIBRARIES = YES;
				CODE_SIGN_STYLE = Automatic;
				CURRENT_PROJECT_VERSION = 1;
				DEVELOPMENT_TEAM = AKMDV26QQ4;
				GENERATE_INFOPLIST_FILE = YES;
				MARKETING_VERSION = 1.0;
				PRODUCT_BUNDLE_IDENTIFIER = com.yzhang.mUpdaterMenuBarUITests;
				PRODUCT_NAME = "$(TARGET_NAME)";
				SWIFT_EMIT_LOC_STRINGS = NO;
				SWIFT_VERSION = 5.0;
				TEST_TARGET_NAME = mUpdaterMenuBar;
			};
			name = Release;
		};
/* End XCBuildConfiguration section */

/* Begin XCConfigurationList section */
		303A85392AE6A9E200412588 /* Build configuration list for PBXProject "mUpdater" */ = {
			isa = XCConfigurationList;
			buildConfigurations = (
				303A85612AE6A9E300412588 /* Debug */,
				303A85622AE6A9E300412588 /* Release */,
			);
			defaultConfigurationIsVisible = 0;
			defaultConfigurationName = Release;
		};
		303A85632AE6A9E300412588 /* Build configuration list for PBXNativeTarget "mUpdater" */ = {
			isa = XCConfigurationList;
			buildConfigurations = (
				303A85642AE6A9E300412588 /* Debug */,
				303A85652AE6A9E300412588 /* Release */,
			);
			defaultConfigurationIsVisible = 0;
			defaultConfigurationName = Release;
		};
		303A85662AE6A9E300412588 /* Build configuration list for PBXNativeTarget "mUpdaterTests" */ = {
			isa = XCConfigurationList;
			buildConfigurations = (
				303A85672AE6A9E300412588 /* Debug */,
				303A85682AE6A9E300412588 /* Release */,
			);
			defaultConfigurationIsVisible = 0;
			defaultConfigurationName = Release;
		};
		303A85692AE6A9E300412588 /* Build configuration list for PBXNativeTarget "mUpdaterUITests" */ = {
			isa = XCConfigurationList;
			buildConfigurations = (
				303A856A2AE6A9E300412588 /* Debug */,
				303A856B2AE6A9E300412588 /* Release */,
			);
			defaultConfigurationIsVisible = 0;
			defaultConfigurationName = Release;
		};
		30E88C622AECA4DC00278D94 /* Build configuration list for PBXNativeTarget "mUpdaterMenuBar" */ = {
			isa = XCConfigurationList;
			buildConfigurations = (
				30E88C632AECA4DC00278D94 /* Debug */,
				30E88C642AECA4DC00278D94 /* Release */,
			);
			defaultConfigurationIsVisible = 0;
			defaultConfigurationName = Release;
		};
		30E88C652AECA4DC00278D94 /* Build configuration list for PBXNativeTarget "mUpdaterMenuBarTests" */ = {
			isa = XCConfigurationList;
			buildConfigurations = (
				30E88C662AECA4DC00278D94 /* Debug */,
				30E88C672AECA4DC00278D94 /* Release */,
			);
			defaultConfigurationIsVisible = 0;
			defaultConfigurationName = Release;
		};
		30E88C682AECA4DC00278D94 /* Build configuration list for PBXNativeTarget "mUpdaterMenuBarUITests" */ = {
			isa = XCConfigurationList;
			buildConfigurations = (
				30E88C692AECA4DC00278D94 /* Debug */,
				30E88C6A2AECA4DC00278D94 /* Release */,
			);
			defaultConfigurationIsVisible = 0;
			defaultConfigurationName = Release;
		};
/* End XCConfigurationList section */
	};
	rootObject = 303A85362AE6A9E200412588 /* Project object */;
}
